// !$*UTF8*$!
{
	archiveVersion = 1;
	classes = {
	};
	objectVersion = 50;
	objects = {

/* Begin PBXBuildFile section */
		77029AEE24AA727F007896AD /* AppDelegate.swift in Sources */ = {isa = PBXBuildFile; fileRef = 77029AED24AA727F007896AD /* AppDelegate.swift */; };
		77029AF024AA727F007896AD /* SceneDelegate.swift in Sources */ = {isa = PBXBuildFile; fileRef = 77029AEF24AA727F007896AD /* SceneDelegate.swift */; };
		77029AF224AA727F007896AD /* ContentView.swift in Sources */ = {isa = PBXBuildFile; fileRef = 77029AF124AA727F007896AD /* ContentView.swift */; };
		77029AF424AA7282007896AD /* Assets.xcassets in Resources */ = {isa = PBXBuildFile; fileRef = 77029AF324AA7282007896AD /* Assets.xcassets */; };
		77029AF724AA7282007896AD /* Preview Assets.xcassets in Resources */ = {isa = PBXBuildFile; fileRef = 77029AF624AA7282007896AD /* Preview Assets.xcassets */; };
		77029AFA24AA7282007896AD /* LaunchScreen.storyboard in Resources */ = {isa = PBXBuildFile; fileRef = 77029AF824AA7282007896AD /* LaunchScreen.storyboard */; };
		7729D99A24B9C0A500FB8EFF /* LearnImagesView.swift in Sources */ = {isa = PBXBuildFile; fileRef = 7729D99924B9C0A500FB8EFF /* LearnImagesView.swift */; };
		7729D99C24C0B69300FB8EFF /* CellRow.swift in Sources */ = {isa = PBXBuildFile; fileRef = 7729D99B24C0B69300FB8EFF /* CellRow.swift */; };
		7729D99E24C0B9AA00FB8EFF /* ListView.swift in Sources */ = {isa = PBXBuildFile; fileRef = 7729D99D24C0B9AA00FB8EFF /* ListView.swift */; };
		776E672524CDC1680085CED6 /* MyContacts.swift in Sources */ = {isa = PBXBuildFile; fileRef = 776E672424CDC1680085CED6 /* MyContacts.swift */; };
		776E672724CDC7A80085CED6 /* ContactRow.swift in Sources */ = {isa = PBXBuildFile; fileRef = 776E672624CDC7A80085CED6 /* ContactRow.swift */; };
		776E672924E0601C0085CED6 /* LoginView.swift in Sources */ = {isa = PBXBuildFile; fileRef = 776E672824E0601C0085CED6 /* LoginView.swift */; };
/* End PBXBuildFile section */

/* Begin PBXFileReference section */
		77029AEA24AA727F007896AD /* SwiftUI_Starter.app */ = {isa = PBXFileReference; explicitFileType = wrapper.application; includeInIndex = 0; path = SwiftUI_Starter.app; sourceTree = BUILT_PRODUCTS_DIR; };
		77029AED24AA727F007896AD /* AppDelegate.swift */ = {isa = PBXFileReference; lastKnownFileType = sourcecode.swift; path = AppDelegate.swift; sourceTree = "<group>"; };
		77029AEF24AA727F007896AD /* SceneDelegate.swift */ = {isa = PBXFileReference; lastKnownFileType = sourcecode.swift; path = SceneDelegate.swift; sourceTree = "<group>"; };
		77029AF124AA727F007896AD /* ContentView.swift */ = {isa = PBXFileReference; lastKnownFileType = sourcecode.swift; path = ContentView.swift; sourceTree = "<group>"; };
		77029AF324AA7282007896AD /* Assets.xcassets */ = {isa = PBXFileReference; lastKnownFileType = folder.assetcatalog; path = Assets.xcassets; sourceTree = "<group>"; };
		77029AF624AA7282007896AD /* Preview Assets.xcassets */ = {isa = PBXFileReference; lastKnownFileType = folder.assetcatalog; path = "Preview Assets.xcassets"; sourceTree = "<group>"; };
		77029AF924AA7282007896AD /* Base */ = {isa = PBXFileReference; lastKnownFileType = file.storyboard; name = Base; path = Base.lproj/LaunchScreen.storyboard; sourceTree = "<group>"; };
		77029AFB24AA7282007896AD /* Info.plist */ = {isa = PBXFileReference; lastKnownFileType = text.plist.xml; path = Info.plist; sourceTree = "<group>"; };
		7729D99924B9C0A500FB8EFF /* LearnImagesView.swift */ = {isa = PBXFileReference; lastKnownFileType = sourcecode.swift; path = LearnImagesView.swift; sourceTree = "<group>"; };
		7729D99B24C0B69300FB8EFF /* CellRow.swift */ = {isa = PBXFileReference; lastKnownFileType = sourcecode.swift; path = CellRow.swift; sourceTree = "<group>"; };
		7729D99D24C0B9AA00FB8EFF /* ListView.swift */ = {isa = PBXFileReference; lastKnownFileType = sourcecode.swift; path = ListView.swift; sourceTree = "<group>"; };
		776E672424CDC1680085CED6 /* MyContacts.swift */ = {isa = PBXFileReference; lastKnownFileType = sourcecode.swift; path = MyContacts.swift; sourceTree = "<group>"; };
		776E672624CDC7A80085CED6 /* ContactRow.swift */ = {isa = PBXFileReference; lastKnownFileType = sourcecode.swift; path = ContactRow.swift; sourceTree = "<group>"; };
		776E672824E0601C0085CED6 /* LoginView.swift */ = {isa = PBXFileReference; lastKnownFileType = sourcecode.swift; path = LoginView.swift; sourceTree = "<group>"; };
/* End PBXFileReference section */

/* Begin PBXFrameworksBuildPhase section */
		77029AE724AA727F007896AD /* Frameworks */ = {
			isa = PBXFrameworksBuildPhase;
			buildActionMask = 2147483647;
			files = (
			);
			runOnlyForDeploymentPostprocessing = 0;
		};
/* End PBXFrameworksBuildPhase section */

/* Begin PBXGroup section */
		77029AE124AA727F007896AD = {
			isa = PBXGroup;
			children = (
				77029AEC24AA727F007896AD /* SwiftUI_Starter */,
				77029AEB24AA727F007896AD /* Products */,
			);
			sourceTree = "<group>";
		};
		77029AEB24AA727F007896AD /* Products */ = {
			isa = PBXGroup;
			children = (
				77029AEA24AA727F007896AD /* SwiftUI_Starter.app */,
			);
			name = Products;
			sourceTree = "<group>";
		};
		77029AEC24AA727F007896AD /* SwiftUI_Starter */ = {
			isa = PBXGroup;
			children = (
				77029AED24AA727F007896AD /* AppDelegate.swift */,
				77029AEF24AA727F007896AD /* SceneDelegate.swift */,
				77029AF124AA727F007896AD /* ContentView.swift */,
				7729D99924B9C0A500FB8EFF /* LearnImagesView.swift */,
				7729D99B24C0B69300FB8EFF /* CellRow.swift */,
				7729D99D24C0B9AA00FB8EFF /* ListView.swift */,
				776E672424CDC1680085CED6 /* MyContacts.swift */,
				776E672624CDC7A80085CED6 /* ContactRow.swift */,
				776E672824E0601C0085CED6 /* LoginView.swift */,
				77029AF324AA7282007896AD /* Assets.xcassets */,
				77029AF824AA7282007896AD /* LaunchScreen.storyboard */,
				77029AFB24AA7282007896AD /* Info.plist */,
				77029AF524AA7282007896AD /* Preview Content */,
			);
			path = SwiftUI_Starter;
			sourceTree = "<group>";
		};
		77029AF524AA7282007896AD /* Preview Content */ = {
			isa = PBXGroup;
			children = (
				77029AF624AA7282007896AD /* Preview Assets.xcassets */,
			);
			path = "Preview Content";
			sourceTree = "<group>";
		};
/* End PBXGroup section */

/* Begin PBXNativeTarget section */
		77029AE924AA727F007896AD /* SwiftUI_Starter */ = {
			isa = PBXNativeTarget;
			buildConfigurationList = 77029AFE24AA7282007896AD /* Build configuration list for PBXNativeTarget "SwiftUI_Starter" */;
			buildPhases = (
				77029AE624AA727F007896AD /* Sources */,
				77029AE724AA727F007896AD /* Frameworks */,
				77029AE824AA727F007896AD /* Resources */,
			);
			buildRules = (
			);
			dependencies = (
			);
			name = SwiftUI_Starter;
			productName = SwiftUI_Starter;
			productReference = 77029AEA24AA727F007896AD /* SwiftUI_Starter.app */;
			productType = "com.apple.product-type.application";
		};
/* End PBXNativeTarget section */

/* Begin PBXProject section */
		77029AE224AA727F007896AD /* Project object */ = {
			isa = PBXProject;
			attributes = {
				LastSwiftUpdateCheck = 1140;
				LastUpgradeCheck = 1140;
				ORGANIZATIONNAME = "Karan Bhaisn";
				TargetAttributes = {
					77029AE924AA727F007896AD = {
						CreatedOnToolsVersion = 11.4;
					};
				};
			};
			buildConfigurationList = 77029AE524AA727F007896AD /* Build configuration list for PBXProject "SwiftUI_Starter" */;
			compatibilityVersion = "Xcode 9.3";
			developmentRegion = en;
			hasScannedForEncodings = 0;
			knownRegions = (
				en,
				Base,
			);
			mainGroup = 77029AE124AA727F007896AD;
			productRefGroup = 77029AEB24AA727F007896AD /* Products */;
			projectDirPath = "";
			projectRoot = "";
			targets = (
				77029AE924AA727F007896AD /* SwiftUI_Starter */,
			);
		};
/* End PBXProject section */

/* Begin PBXResourcesBuildPhase section */
		77029AE824AA727F007896AD /* Resources */ = {
			isa = PBXResourcesBuildPhase;
			buildActionMask = 2147483647;
			files = (
				77029AFA24AA7282007896AD /* LaunchScreen.storyboard in Resources */,
				77029AF724AA7282007896AD /* Preview Assets.xcassets in Resources */,
				77029AF424AA7282007896AD /* Assets.xcassets in Resources */,
			);
			runOnlyForDeploymentPostprocessing = 0;
		};
/* End PBXResourcesBuildPhase section */

/* Begin PBXSourcesBuildPhase section */
		77029AE624AA727F007896AD /* Sources */ = {
			isa = PBXSourcesBuildPhase;
			buildActionMask = 2147483647;
			files = (
				776E672524CDC1680085CED6 /* MyContacts.swift in Sources */,
				77029AEE24AA727F007896AD /* AppDelegate.swift in Sources */,
				77029AF024AA727F007896AD /* SceneDelegate.swift in Sources */,
				776E672924E0601C0085CED6 /* LoginView.swift in Sources */,
				7729D99E24C0B9AA00FB8EFF /* ListView.swift in Sources */,
				77029AF224AA727F007896AD /* ContentView.swift in Sources */,
				7729D99C24C0B69300FB8EFF /* CellRow.swift in Sources */,
				7729D99A24B9C0A500FB8EFF /* LearnImagesView.swift in Sources */,
				776E672724CDC7A80085CED6 /* ContactRow.swift in Sources */,
			);
			runOnlyForDeploymentPostprocessing = 0;
		};
/* End PBXSourcesBuildPhase section */

/* Begin PBXVariantGroup section */
		77029AF824AA7282007896AD /* LaunchScreen.storyboard */ = {
			isa = PBXVariantGroup;
			children = (
				77029AF924AA7282007896AD /* Base */,
			);
			name = LaunchScreen.storyboard;
			sourceTree = "<group>";
		};
/* End PBXVariantGroup section */

/* Begin XCBuildConfiguration section */
		77029AFC24AA7282007896AD /* Debug */ = {
			isa = XCBuildConfiguration;
			buildSettings = {
				ALWAYS_SEARCH_USER_PATHS = NO;
				CLANG_ANALYZER_NONNULL = YES;
				CLANG_ANALYZER_NUMBER_OBJECT_CONVERSION = YES_AGGRESSIVE;
				CLANG_CXX_LANGUAGE_STANDARD = "gnu++14";
				CLANG_CXX_LIBRARY = "libc++";
				CLANG_ENABLE_MODULES = YES;
				CLANG_ENABLE_OBJC_ARC = YES;
				CLANG_ENABLE_OBJC_WEAK = YES;
				CLANG_WARN_BLOCK_CAPTURE_AUTORELEASING = YES;
				CLANG_WARN_BOOL_CONVERSION = YES;
				CLANG_WARN_COMMA = YES;
				CLANG_WARN_CONSTANT_CONVERSION = YES;
				CLANG_WARN_DEPRECATED_OBJC_IMPLEMENTATIONS = YES;
				CLANG_WARN_DIRECT_OBJC_ISA_USAGE = YES_ERROR;
				CLANG_WARN_DOCUMENTATION_COMMENTS = YES;
				CLANG_WARN_EMPTY_BODY = YES;
				CLANG_WARN_ENUM_CONVERSION = YES;
				CLANG_WARN_INFINITE_RECURSION = YES;
				CLANG_WARN_INT_CONVERSION = YES;
				CLANG_WARN_NON_LITERAL_NULL_CONVERSION = YES;
				CLANG_WARN_OBJC_IMPLICIT_RETAIN_SELF = YES;
				CLANG_WARN_OBJC_LITERAL_CONVERSION = YES;
				CLANG_WARN_OBJC_ROOT_CLASS = YES_ERROR;
				CLANG_WARN_RANGE_LOOP_ANALYSIS = YES;
				CLANG_WARN_STRICT_PROTOTYPES = YES;
				CLANG_WARN_SUSPICIOUS_MOVE = YES;
				CLANG_WARN_UNGUARDED_AVAILABILITY = YES_AGGRESSIVE;
				CLANG_WARN_UNREACHABLE_CODE = YES;
				CLANG_WARN__DUPLICATE_METHOD_MATCH = YES;
				COPY_PHASE_STRIP = NO;
				DEBUG_INFORMATION_FORMAT = dwarf;
				ENABLE_STRICT_OBJC_MSGSEND = YES;
				ENABLE_TESTABILITY = YES;
				GCC_C_LANGUAGE_STANDARD = gnu11;
				GCC_DYNAMIC_NO_PIC = NO;
				GCC_NO_COMMON_BLOCKS = YES;
				GCC_OPTIMIZATION_LEVEL = 0;
				GCC_PREPROCESSOR_DEFINITIONS = (
					"DEBUG=1",
					"$(inherited)",
				);
				GCC_WARN_64_TO_32_BIT_CONVERSION = YES;
				GCC_WARN_ABOUT_RETURN_TYPE = YES_ERROR;
				GCC_WARN_UNDECLARED_SELECTOR = YES;
				GCC_WARN_UNINITIALIZED_AUTOS = YES_AGGRESSIVE;
				GCC_WARN_UNUSED_FUNCTION = YES;
				GCC_WARN_UNUSED_VARIABLE = YES;
				IPHONEOS_DEPLOYMENT_TARGET = 13.4;
				MTL_ENABLE_DEBUG_INFO = INCLUDE_SOURCE;
				MTL_FAST_MATH = YES;
				ONLY_ACTIVE_ARCH = YES;
				SDKROOT = iphoneos;
				SWIFT_ACTIVE_COMPILATION_CONDITIONS = DEBUG;
				SWIFT_OPTIMIZATION_LEVEL = "-Onone";
			};
			name = Debug;
		};
		77029AFD24AA7282007896AD /* Release */ = {
			isa = XCBuildConfiguration;
			buildSettings = {
				ALWAYS_SEARCH_USER_PATHS = NO;
				CLANG_ANALYZER_NONNULL = YES;
				CLANG_ANALYZER_NUMBER_OBJECT_CONVERSION = YES_AGGRESSIVE;
				CLANG_CXX_LANGUAGE_STANDARD = "gnu++14";
				CLANG_CXX_LIBRARY = "libc++";
				CLANG_ENABLE_MODULES = YES;
				CLANG_ENABLE_OBJC_ARC = YES;
				CLANG_ENABLE_OBJC_WEAK = YES;
				CLANG_WARN_BLOCK_CAPTURE_AUTORELEASING = YES;
				CLANG_WARN_BOOL_CONVERSION = YES;
				CLANG_WARN_COMMA = YES;
				CLANG_WARN_CONSTANT_CONVERSION = YES;
				CLANG_WARN_DEPRECATED_OBJC_IMPLEMENTATIONS = YES;
				CLANG_WARN_DIRECT_OBJC_ISA_USAGE = YES_ERROR;
				CLANG_WARN_DOCUMENTATION_COMMENTS = YES;
				CLANG_WARN_EMPTY_BODY = YES;
				CLANG_WARN_ENUM_CONVERSION = YES;
				CLANG_WARN_INFINITE_RECURSION = YES;
				CLANG_WARN_INT_CONVERSION = YES;
				CLANG_WARN_NON_LITERAL_NULL_CONVERSION = YES;
				CLANG_WARN_OBJC_IMPLICIT_RETAIN_SELF = YES;
				CLANG_WARN_OBJC_LITERAL_CONVERSION = YES;
				CLANG_WARN_OBJC_ROOT_CLASS = YES_ERROR;
				CLANG_WARN_RANGE_LOOP_ANALYSIS = YES;
				CLANG_WARN_STRICT_PROTOTYPES = YES;
				CLANG_WARN_SUSPICIOUS_MOVE = YES;
				CLANG_WARN_UNGUARDED_AVAILABILITY = YES_AGGRESSIVE;
				CLANG_WARN_UNREACHABLE_CODE = YES;
				CLANG_WARN__DUPLICATE_METHOD_MATCH = YES;
				COPY_PHASE_STRIP = NO;
				DEBUG_INFORMATION_FORMAT = "dwarf-with-dsym";
				ENABLE_NS_ASSERTIONS = NO;
				ENABLE_STRICT_OBJC_MSGSEND = YES;
				GCC_C_LANGUAGE_STANDARD = gnu11;
				GCC_NO_COMMON_BLOCKS = YES;
				GCC_WARN_64_TO_32_BIT_CONVERSION = YES;
				GCC_WARN_ABOUT_RETURN_TYPE = YES_ERROR;
				GCC_WARN_UNDECLARED_SELECTOR = YES;
				GCC_WARN_UNINITIALIZED_AUTOS = YES_AGGRESSIVE;
				GCC_WARN_UNUSED_FUNCTION = YES;
				GCC_WARN_UNUSED_VARIABLE = YES;
				IPHONEOS_DEPLOYMENT_TARGET = 13.4;
				MTL_ENABLE_DEBUG_INFO = NO;
				MTL_FAST_MATH = YES;
				SDKROOT = iphoneos;
				SWIFT_COMPILATION_MODE = wholemodule;
				SWIFT_OPTIMIZATION_LEVEL = "-O";
				VALIDATE_PRODUCT = YES;
			};
			name = Release;
		};
		77029AFF24AA7282007896AD /* Debug */ = {
			isa = XCBuildConfiguration;
			buildSettings = {
				ASSETCATALOG_COMPILER_APPICON_NAME = AppIcon;
				CODE_SIGN_STYLE = Automatic;
				DEVELOPMENT_ASSET_PATHS = "\"SwiftUI_Starter/Preview Content\"";
				DEVELOPMENT_TEAM = SBG4955ZUG;
				ENABLE_PREVIEWS = YES;
				INFOPLIST_FILE = SwiftUI_Starter/Info.plist;
				LD_RUNPATH_SEARCH_PATHS = (
					"$(inherited)",
					"@executable_path/Frameworks",
				);
				PRODUCT_BUNDLE_IDENTIFIER = "com.Bhasin.SwiftUI-Starter";
				PRODUCT_NAME = "$(TARGET_NAME)";
				SWIFT_VERSION = 5.0;
				TARGETED_DEVICE_FAMILY = "1,2";
			};
			name = Debug;
		};
		77029B0024AA7282007896AD /* Release */ = {
			isa = XCBuildConfiguration;
			buildSettings = {
				ASSETCATALOG_COMPILER_APPICON_NAME = AppIcon;
				CODE_SIGN_STYLE = Automatic;
				DEVELOPMENT_ASSET_PATHS = "\"SwiftUI_Starter/Preview Content\"";
				DEVELOPMENT_TEAM = SBG4955ZUG;
				ENABLE_PREVIEWS = YES;
				INFOPLIST_FILE = SwiftUI_Starter/Info.plist;
				LD_RUNPATH_SEARCH_PATHS = (
					"$(inherited)",
					"@executable_path/Frameworks",
				);
				PRODUCT_BUNDLE_IDENTIFIER = "com.Bhasin.SwiftUI-Starter";
				PRODUCT_NAME = "$(TARGET_NAME)";
				SWIFT_VERSION = 5.0;
				TARGETED_DEVICE_FAMILY = "1,2";
			};
			name = Release;
		};
/* End XCBuildConfiguration section */

/* Begin XCConfigurationList section */
		77029AE524AA727F007896AD /* Build configuration list for PBXProject "SwiftUI_Starter" */ = {
			isa = XCConfigurationList;
			buildConfigurations = (
				77029AFC24AA7282007896AD /* Debug */,
				77029AFD24AA7282007896AD /* Release */,
			);
			defaultConfigurationIsVisible = 0;
			defaultConfigurationName = Release;
		};
		77029AFE24AA7282007896AD /* Build configuration list for PBXNativeTarget "SwiftUI_Starter" */ = {
			isa = XCConfigurationList;
			buildConfigurations = (
				77029AFF24AA7282007896AD /* Debug */,
				77029B0024AA7282007896AD /* Release */,
			);
			defaultConfigurationIsVisible = 0;
			defaultConfigurationName = Release;
		};
/* End XCConfigurationList section */
	};
	rootObject = 77029AE224AA727F007896AD /* Project object */;
}
